
Microsoft Visual Studio Solution File, Format Version 12.00
# Visual Studio Version 17
VisualStudioVersion = 17.7.34003.232
MinimumVisualStudioVersion = 10.0.40219.1
Project("{9A19103F-16F7-4668-BE54-9A1E7A4F7556}") = "NaviLib", "NaviLib\NaviLib.csproj", "{065F4097-9B77-46F8-80D9-03445525AFA6}"
EndProject
Project("{9A19103F-16F7-4668-BE54-9A1E7A4F7556}") = "RgesNaviApi", "RgesNaviApi\RgesNaviApi.csproj", "{5B42B0FE-15A7-40F9-9968-75B1A4BCE865}"
EndProject
Global
	GlobalSection(SolutionConfigurationPlatforms) = preSolution
		Debug|Any CPU = Debug|Any CPU
		Release|Any CPU = Release|Any CPU
	EndGlobalSection
	GlobalSection(ProjectConfigurationPlatforms) = postSolution
		{065F4097-9B77-46F8-80D9-03445525AFA6}.Debug|Any CPU.ActiveCfg = Debug|Any CPU
		{065F4097-9B77-46F8-80D9-03445525AFA6}.Debug|Any CPU.Build.0 = Debug|Any CPU
		{065F4097-9B77-46F8-80D9-03445525AFA6}.Release|Any CPU.ActiveCfg = Release|Any CPU
		{065F4097-9B77-46F8-80D9-03445525AFA6}.Release|Any CPU.Build.0 = Release|Any CPU
		{5B42B0FE-15A7-40F9-9968-75B1A4BCE865}.Debug|Any CPU.ActiveCfg = Debug|Any CPU
		{5B42B0FE-15A7-40F9-9968-75B1A4BCE865}.Debug|Any CPU.Build.0 = Debug|Any CPU
		{5B42B0FE-15A7-40F9-9968-75B1A4BCE865}.Release|Any CPU.ActiveCfg = Release|Any CPU
		{5B42B0FE-15A7-40F9-9968-75B1A4BCE865}.Release|Any CPU.Build.0 = Release|Any CPU
	EndGlobalSection
	GlobalSection(SolutionProperties) = preSolution
		HideSolutionNode = FALSE
	EndGlobalSection
	GlobalSection(ExtensibilityGlobals) = postSolution
		SolutionGuid = {0D989976-A9B8-439D-B007-E5A0921945B5}
	EndGlobalSection
EndGlobal
